# This file was autogenerated by Stack.
# You should not edit this file by hand.
# For more information, please see the documentation at:
#   https://docs.haskellstack.org/en/stable/lock_files

packages:
- completed:
    pantry-tree:
      sha256: e5284381ff1d279a3c1a7fab27409ab17d9b2918bea425d7fff452cdf107ed23
      size: 1591
    hackage: megaparsec-9.4.0@sha256:f93fb70d9c75f780aabea9276e45d2c68995cc4e7c4a082d33606ff03824093e,3219
  original:
    hackage: megaparsec-9.4.0
- completed:
    pantry-tree:
      sha256: 60de1c15ada5dd82f9ac70065ed52eb36da733111962a692f0a66db2c7313d78
      size: 1402
    hackage: diagnose-2.4.0@sha256:c594a0b512a8d3aa58b240070467d6f337ef0769e367a0e74f2081307b1b13d7,5941
  original:
    hackage: diagnose-2.4.0@sha256:c594a0b512a8d3aa58b240070467d6f337ef0769e367a0e74f2081307b1b13d7,5941
- completed:
    pantry-tree:
      sha256: 1999aec0559697fba093e2622c7075aa462804d44495064fb6218ebbeea4657e
      size: 5798
    hackage: HList-0.5.2.0@sha256:dd74c6f463e3e871b73923243ae09b40293207886d23e2212d713ef208bb77c9,7456
  original:
    hackage: HList-0.5.2.0@sha256:dd74c6f463e3e871b73923243ae09b40293207886d23e2212d713ef208bb77c9,7456
snapshots:
- completed:
    sha256: a95a93bcb7132bf5f8ad3356998e223947852f57d4da63e0e145870ea90d9d18
    size: 619170
    url: https://raw.githubusercontent.com/commercialhaskell/stackage-snapshots/master/lts/19/19.yaml
  original: lts-19.19
